
Microsoft Visual Studio Solution File, Format Version 12.00
# Visual Studio Version 16
VisualStudioVersion = 16.0.30503.244
MinimumVisualStudioVersion = 10.0.40219.1
Project("{FAE04EC0-301F-11D3-BF4B-00C04F79EFBC}") = "ConsoleApp0922_3", "ConsoleApp0922_3\ConsoleApp0922_3.csproj", "{69BA8C8C-DE74-4CB0-A021-748AEBE166CE}"
EndProject
Global
	GlobalSection(SolutionConfigurationPlatforms) = preSolution
		Debug|Any CPU = Debug|Any CPU
		Release|Any CPU = Release|Any CPU
	EndGlobalSection
	GlobalSection(ProjectConfigurationPlatforms) = postSolution
		{69BA8C8C-DE74-4CB0-A021-748AEBE166CE}.Debug|Any CPU.ActiveCfg = Debug|Any CPU
		{69BA8C8C-DE74-4CB0-A021-748AEBE166CE}.Debug|Any CPU.Build.0 = Debug|Any CPU
		{69BA8C8C-DE74-4CB0-A021-748AEBE166CE}.Release|Any CPU.ActiveCfg = Release|Any CPU
		{69BA8C8C-DE74-4CB0-A021-748AEBE166CE}.Release|Any CPU.Build.0 = Release|Any CPU
	EndGlobalSection
	GlobalSection(SolutionProperties) = preSolution
		HideSolutionNode = FALSE
	EndGlobalSection
	GlobalSection(ExtensibilityGlobals) = postSolution
		SolutionGuid = {06EE07E9-90AB-4C82-8624-6B775A47B10B}
	EndGlobalSection
EndGlobal
